
Microsoft Visual Studio Solution File, Format Version 12.00
# Visual Studio Version 17
VisualStudioVersion = 17.7.34202.233
MinimumVisualStudioVersion = 10.0.40219.1
Project("{FAE04EC0-301F-11D3-BF4B-00C04F79EFBC}") = "TheCoffeeCatBusinessObject", "TheCoffeeCatBusinessObject\TheCoffeeCatBusinessObject.csproj", "{41C9E9CE-0B82-467C-8670-0A9179BBB5EC}"
EndProject
Project("{FAE04EC0-301F-11D3-BF4B-00C04F79EFBC}") = "TheCoffeeCatDAO", "TheCoffeeCatDAO\TheCoffeeCatDAO.csproj", "{65C6E527-8CDB-4DAD-9FB2-5E9B2E171307}"
EndProject
Project("{FAE04EC0-301F-11D3-BF4B-00C04F79EFBC}") = "TheCoffeeCatRepository", "TheCoffeeCatRepository\TheCoffeeCatRepository.csproj", "{570BAC27-2C36-4B1A-A26C-C00FCEEC09AF}"
EndProject
Project("{FAE04EC0-301F-11D3-BF4B-00C04F79EFBC}") = "TheCoffeeCatService", "TheCoffeeCatService\TheCoffeeCatService.csproj", "{1E599617-27DB-48F3-B247-1853AF6270D4}"
EndProject
Project("{FAE04EC0-301F-11D3-BF4B-00C04F79EFBC}") = "TheCoffeeCatStore", "TheCoffeeCatStore\TheCoffeeCatStore.csproj", "{88784502-4081-43B4-9803-925A14971591}"
EndProject
Global
	GlobalSection(SolutionConfigurationPlatforms) = preSolution
		Debug|Any CPU = Debug|Any CPU
		Release|Any CPU = Release|Any CPU
	EndGlobalSection
	GlobalSection(ProjectConfigurationPlatforms) = postSolution
		{41C9E9CE-0B82-467C-8670-0A9179BBB5EC}.Debug|Any CPU.ActiveCfg = Debug|Any CPU
		{41C9E9CE-0B82-467C-8670-0A9179BBB5EC}.Debug|Any CPU.Build.0 = Debug|Any CPU
		{41C9E9CE-0B82-467C-8670-0A9179BBB5EC}.Release|Any CPU.ActiveCfg = Release|Any CPU
		{41C9E9CE-0B82-467C-8670-0A9179BBB5EC}.Release|Any CPU.Build.0 = Release|Any CPU
		{65C6E527-8CDB-4DAD-9FB2-5E9B2E171307}.Debug|Any CPU.ActiveCfg = Debug|Any CPU
		{65C6E527-8CDB-4DAD-9FB2-5E9B2E171307}.Debug|Any CPU.Build.0 = Debug|Any CPU
		{65C6E527-8CDB-4DAD-9FB2-5E9B2E171307}.Release|Any CPU.ActiveCfg = Release|Any CPU
		{65C6E527-8CDB-4DAD-9FB2-5E9B2E171307}.Release|Any CPU.Build.0 = Release|Any CPU
		{570BAC27-2C36-4B1A-A26C-C00FCEEC09AF}.Debug|Any CPU.ActiveCfg = Debug|Any CPU
		{570BAC27-2C36-4B1A-A26C-C00FCEEC09AF}.Debug|Any CPU.Build.0 = Debug|Any CPU
		{570BAC27-2C36-4B1A-A26C-C00FCEEC09AF}.Release|Any CPU.ActiveCfg = Release|Any CPU
		{570BAC27-2C36-4B1A-A26C-C00FCEEC09AF}.Release|Any CPU.Build.0 = Release|Any CPU
		{1E599617-27DB-48F3-B247-1853AF6270D4}.Debug|Any CPU.ActiveCfg = Debug|Any CPU
		{1E599617-27DB-48F3-B247-1853AF6270D4}.Debug|Any CPU.Build.0 = Debug|Any CPU
		{1E599617-27DB-48F3-B247-1853AF6270D4}.Release|Any CPU.ActiveCfg = Release|Any CPU
		{1E599617-27DB-48F3-B247-1853AF6270D4}.Release|Any CPU.Build.0 = Release|Any CPU
		{88784502-4081-43B4-9803-925A14971591}.Debug|Any CPU.ActiveCfg = Debug|Any CPU
		{88784502-4081-43B4-9803-925A14971591}.Debug|Any CPU.Build.0 = Debug|Any CPU
		{88784502-4081-43B4-9803-925A14971591}.Release|Any CPU.ActiveCfg = Release|Any CPU
		{88784502-4081-43B4-9803-925A14971591}.Release|Any CPU.Build.0 = Release|Any CPU
	EndGlobalSection
	GlobalSection(SolutionProperties) = preSolution
		HideSolutionNode = FALSE
	EndGlobalSection
	GlobalSection(ExtensibilityGlobals) = postSolution
		SolutionGuid = {7BC4D65E-051A-4CFE-B326-9BF334160804}
	EndGlobalSection
EndGlobal
